
Microsoft Visual Studio Solution File, Format Version 12.00
# Visual Studio Version 17
VisualStudioVersion = 17.3.32825.248
MinimumVisualStudioVersion = 10.0.40219.1
Project("{FAE04EC0-301F-11D3-BF4B-00C04F79EFBC}") = "RookieRider", "RookieRider\RookieRider.csproj", "{C799CD9D-A156-4EB9-9DE9-237FB8951153}"
EndProject
Project("{FAE04EC0-301F-11D3-BF4B-00C04F79EFBC}") = "RookieRider.Core", "RookieRider.Core\RookieRider.Core.csproj", "{757FC229-C0D9-4B79-9A8E-0ED6848CCFF5}"
EndProject
Project("{FAE04EC0-301F-11D3-BF4B-00C04F79EFBC}") = "RookieRider.Infrastructure", "RookieRider.Infrastructure\RookieRider.Infrastructure.csproj", "{161F3EAA-2F8C-4BF7-AC7B-4A2245E0B10B}"
EndProject
Global
	GlobalSection(SolutionConfigurationPlatforms) = preSolution
		Debug|Any CPU = Debug|Any CPU
		Release|Any CPU = Release|Any CPU
	EndGlobalSection
	GlobalSection(ProjectConfigurationPlatforms) = postSolution
		{C799CD9D-A156-4EB9-9DE9-237FB8951153}.Debug|Any CPU.ActiveCfg = Debug|Any CPU
		{C799CD9D-A156-4EB9-9DE9-237FB8951153}.Debug|Any CPU.Build.0 = Debug|Any CPU
		{C799CD9D-A156-4EB9-9DE9-237FB8951153}.Release|Any CPU.ActiveCfg = Release|Any CPU
		{C799CD9D-A156-4EB9-9DE9-237FB8951153}.Release|Any CPU.Build.0 = Release|Any CPU
		{757FC229-C0D9-4B79-9A8E-0ED6848CCFF5}.Debug|Any CPU.ActiveCfg = Debug|Any CPU
		{757FC229-C0D9-4B79-9A8E-0ED6848CCFF5}.Debug|Any CPU.Build.0 = Debug|Any CPU
		{757FC229-C0D9-4B79-9A8E-0ED6848CCFF5}.Release|Any CPU.ActiveCfg = Release|Any CPU
		{757FC229-C0D9-4B79-9A8E-0ED6848CCFF5}.Release|Any CPU.Build.0 = Release|Any CPU
		{161F3EAA-2F8C-4BF7-AC7B-4A2245E0B10B}.Debug|Any CPU.ActiveCfg = Debug|Any CPU
		{161F3EAA-2F8C-4BF7-AC7B-4A2245E0B10B}.Debug|Any CPU.Build.0 = Debug|Any CPU
		{161F3EAA-2F8C-4BF7-AC7B-4A2245E0B10B}.Release|Any CPU.ActiveCfg = Release|Any CPU
		{161F3EAA-2F8C-4BF7-AC7B-4A2245E0B10B}.Release|Any CPU.Build.0 = Release|Any CPU
	EndGlobalSection
	GlobalSection(SolutionProperties) = preSolution
		HideSolutionNode = FALSE
	EndGlobalSection
	GlobalSection(ExtensibilityGlobals) = postSolution
		SolutionGuid = {F33C50F8-5CD3-42DB-9A66-4EF1636944E2}
	EndGlobalSection
EndGlobal
